PODS:
  - Capacitor (8.1.0):
    - CapacitorCordova
  - CapacitorApp (8.0.1):
    - Capacitor
  - CapacitorCordova (8.1.0)
  - CapacitorHaptics (8.0.1):
    - Capacitor
  - CapacitorKeyboard (8.0.1):
    - Capacitor
  - CapacitorStatusBar (8.0.1):
    - Capacitor
  - CapawesomeTeamCapacitorNfc (8.0.1):
    - Capacitor

DEPENDENCIES:
  - "Capacitor (from `../../node_modules/@capacitor/ios`)"
  - "CapacitorApp (from `../../node_modules/@capacitor/app`)"
  - "CapacitorCordova (from `../../node_modules/@capacitor/ios`)"
  - "CapacitorHaptics (from `../../node_modules/@capacitor/haptics`)"
  - "CapacitorKeyboard (from `../../node_modules/@capacitor/keyboard`)"
  - "CapacitorStatusBar (from `../../node_modules/@capacitor/status-bar`)"
  - "CapawesomeTeamCapacitorNfc (from `../../node_modules/@capawesome-team/capacitor-nfc`)"

EXTERNAL SOURCES:
  Capacitor:
    :path: "../../node_modules/@capacitor/ios"
  CapacitorApp:
    :path: "../../node_modules/@capacitor/app"
  CapacitorCordova:
    :path: "../../node_modules/@capacitor/ios"
  CapacitorHaptics:
    :path: "../../node_modules/@capacitor/haptics"
  CapacitorKeyboard:
    :path: "../../node_modules/@capacitor/keyboard"
  CapacitorStatusBar:
    :path: "../../node_modules/@capacitor/status-bar"
  CapawesomeTeamCapacitorNfc:
    :path: "../../node_modules/@capawesome-team/capacitor-nfc"

SPEC CHECKSUMS:
  Capacitor: 47b825120c6b8b6d6f9f053e9350a8960d436710
  CapacitorApp: 942306cd1acf7774a00e89a3986af3a67c8cad7a
  CapacitorCordova: e8b76fd95fc1e157775abc484c59cc0de464095d
  CapacitorHaptics: 4df2c625445cef39b67ea635a21802bc92df3b82
  CapacitorKeyboard: 867eb4b3c901d9bb5c3d0c93b546185d52484e19
  CapacitorStatusBar: 32206abd53b14f339763da26f71286deaa891e16
  CapawesomeTeamCapacitorNfc: 707034c3aeace18fca0516b05043d7483fba4f23

PODFILE CHECKSUM: cd05aff920b40c0610b51947374f0e4a0f2fce5a

COCOAPODS: 1.16.2
